// !$*UTF8*$!
{
	archiveVersion = 1;
	classes = {
	};
	objectVersion = 46;
	objects = {

/* Begin PBXBuildFile section */
		0D388ADE1E620BF900502510 /* Auth.storyboard in Resources */ = {isa = PBXBuildFile; fileRef = 0D388ADD1E620BF900502510 /* Auth.storyboard */; };
		0D388AE01E620C0D00502510 /* ProfileList.storyboard in Resources */ = {isa = PBXBuildFile; fileRef = 0D388ADF1E620C0D00502510 /* ProfileList.storyboard */; };
		0D388AE41E620C5500502510 /* ProfileListViewController.swift in Sources */ = {isa = PBXBuildFile; fileRef = 0D388AE31E620C5500502510 /* ProfileListViewController.swift */; };
		0D388AE71E620C7700502510 /* CreateClipsViewController.swift in Sources */ = {isa = PBXBuildFile; fileRef = 0D388AE61E620C7700502510 /* CreateClipsViewController.swift */; };
		0D388AE91E620C8300502510 /* CreateClips.storyboard in Resources */ = {isa = PBXBuildFile; fileRef = 0D388AE81E620C8300502510 /* CreateClips.storyboard */; };
		0D388AEC1E620CAE00502510 /* ReadMe.txt in Resources */ = {isa = PBXBuildFile; fileRef = 0D388AEB1E620CAE00502510 /* ReadMe.txt */; };
		0D388AF21E622FF300502510 /* UIViewController+Alerts.m in Sources */ = {isa = PBXBuildFile; fileRef = 0D388AF01E622FF300502510 /* UIViewController+Alerts.m */; };
		0D388AF31E622FF300502510 /* EmailViewController.m in Sources */ = {isa = PBXBuildFile; fileRef = 0D388AF11E622FF300502510 /* EmailViewController.m */; };
		0D388AF61E6243F100502510 /* FirebaseService.swift in Sources */ = {isa = PBXBuildFile; fileRef = 0D388AF51E6243F100502510 /* FirebaseService.swift */; };
		0DE134EB1E625A47004575BB /* ProfileClipCell.swift in Sources */ = {isa = PBXBuildFile; fileRef = 0DE134EA1E625A47004575BB /* ProfileClipCell.swift */; };
		171E1E7B1E62768A00AA007D /* YouTubeViewController.swift in Sources */ = {isa = PBXBuildFile; fileRef = 171E1E7A1E62768A00AA007D /* YouTubeViewController.swift */; };
		4D4CE77DEBE357C886DE0D06 /* Pods_PinVid.framework in Frameworks */ = {isa = PBXBuildFile; fileRef = 48685FDDBF42BBA8F6FDFBC6 /* Pods_PinVid.framework */; };
		8E4C685D241BE0CD5FECE7ED /* Pods_PinVidUITests.framework in Frameworks */ = {isa = PBXBuildFile; fileRef = B592FE078C323799ED65038B /* Pods_PinVidUITests.framework */; };
		AA58BAB61E621A8B0046EF0F /* Montage.swift in Sources */ = {isa = PBXBuildFile; fileRef = AA58BAB51E621A8B0046EF0F /* Montage.swift */; };
		AA58BAB81E621A930046EF0F /* Clip.swift in Sources */ = {isa = PBXBuildFile; fileRef = AA58BAB71E621A930046EF0F /* Clip.swift */; };
		D139D6F71E6151C00061F6E8 /* AppDelegate.swift in Sources */ = {isa = PBXBuildFile; fileRef = D139D6F61E6151C00061F6E8 /* AppDelegate.swift */; };
		D139D6F91E6151C00061F6E8 /* ViewController.swift in Sources */ = {isa = PBXBuildFile; fileRef = D139D6F81E6151C00061F6E8 /* ViewController.swift */; };
		D139D6FC1E6151C00061F6E8 /* Main.storyboard in Resources */ = {isa = PBXBuildFile; fileRef = D139D6FA1E6151C00061F6E8 /* Main.storyboard */; };
		D139D6FF1E6151C00061F6E8 /* PinVid.xcdatamodeld in Sources */ = {isa = PBXBuildFile; fileRef = D139D6FD1E6151C00061F6E8 /* PinVid.xcdatamodeld */; };
		D139D7011E6151C00061F6E8 /* Assets.xcassets in Resources */ = {isa = PBXBuildFile; fileRef = D139D7001E6151C00061F6E8 /* Assets.xcassets */; };
		D139D7041E6151C00061F6E8 /* LaunchScreen.storyboard in Resources */ = {isa = PBXBuildFile; fileRef = D139D7021E6151C00061F6E8 /* LaunchScreen.storyboard */; };
		D139D70F1E6151C10061F6E8 /* PinVidTests.swift in Sources */ = {isa = PBXBuildFile; fileRef = D139D70E1E6151C10061F6E8 /* PinVidTests.swift */; };
		D139D71A1E6151C10061F6E8 /* PinVidUITests.swift in Sources */ = {isa = PBXBuildFile; fileRef = D139D7191E6151C10061F6E8 /* PinVidUITests.swift */; };
		D139D7281E620B4C0061F6E8 /* GoogleService-Info.plist in Resources */ = {isa = PBXBuildFile; fileRef = D139D7271E620B4C0061F6E8 /* GoogleService-Info.plist */; };
		D139D74B1E624EB00061F6E8 /* CoreDataManager.swift in Sources */ = {isa = PBXBuildFile; fileRef = D139D74A1E624EB00061F6E8 /* CoreDataManager.swift */; };
		F68D49B31E62178000D1F4AA /* VideoView.swift in Sources */ = {isa = PBXBuildFile; fileRef = F68D49B21E62178000D1F4AA /* VideoView.swift */; };
		F68D49B51E6218B000D1F4AA /* ClipsView.swift in Sources */ = {isa = PBXBuildFile; fileRef = F68D49B41E6218B000D1F4AA /* ClipsView.swift */; };
		F68D49B71E6218C100D1F4AA /* ScrubberView.swift in Sources */ = {isa = PBXBuildFile; fileRef = F68D49B61E6218C100D1F4AA /* ScrubberView.swift */; };
		F68D49B91E621C5400D1F4AA /* RangeSlider.swift in Sources */ = {isa = PBXBuildFile; fileRef = F68D49B81E621C5400D1F4AA /* RangeSlider.swift */; };
		F68D49BE1E6230D600D1F4AA /* YTPlayerView.m in Sources */ = {isa = PBXBuildFile; fileRef = F68D49BD1E6230D600D1F4AA /* YTPlayerView.m */; };
		F68D49C01E6230F900D1F4AA /* Assets.bundle in Resources */ = {isa = PBXBuildFile; fileRef = F68D49BF1E6230F900D1F4AA /* Assets.bundle */; };
		F86B560F3A53C5190F59A803 /* Pods_PinVidTests.framework in Frameworks */ = {isa = PBXBuildFile; fileRef = 1DBE515F1160EB319A28C48D /* Pods_PinVidTests.framework */; };
/* End PBXBuildFile section */

/* Begin PBXContainerItemProxy section */
		D139D70B1E6151C10061F6E8 /* PBXContainerItemProxy */ = {
			isa = PBXContainerItemProxy;
			containerPortal = D139D6EB1E6151C00061F6E8 /* Project object */;
			proxyType = 1;
			remoteGlobalIDString = D139D6F21E6151C00061F6E8;
			remoteInfo = PinVid;
		};
		D139D7161E6151C10061F6E8 /* PBXContainerItemProxy */ = {
			isa = PBXContainerItemProxy;
			containerPortal = D139D6EB1E6151C00061F6E8 /* Project object */;
			proxyType = 1;
			remoteGlobalIDString = D139D6F21E6151C00061F6E8;
			remoteInfo = PinVid;
		};
/* End PBXContainerItemProxy section */

/* Begin PBXFileReference section */
		0D388ADD1E620BF900502510 /* Auth.storyboard */ = {isa = PBXFileReference; fileEncoding = 4; lastKnownFileType = file.storyboard; path = Auth.storyboard; sourceTree = "<group>"; };
		0D388ADF1E620C0D00502510 /* ProfileList.storyboard */ = {isa = PBXFileReference; fileEncoding = 4; lastKnownFileType = file.storyboard; name = ProfileList.storyboard; path = ProfieList/ProfileList.storyboard; sourceTree = "<group>"; };
		0D388AE31E620C5500502510 /* ProfileListViewController.swift */ = {isa = PBXFileReference; fileEncoding = 4; lastKnownFileType = sourcecode.swift; name = ProfileListViewController.swift; path = ProfieList/ProfileListViewController.swift; sourceTree = "<group>"; };
		0D388AE61E620C7700502510 /* CreateClipsViewController.swift */ = {isa = PBXFileReference; fileEncoding = 4; lastKnownFileType = sourcecode.swift; name = CreateClipsViewController.swift; path = CreateClips/CreateClipsViewController.swift; sourceTree = "<group>"; };
		0D388AE81E620C8300502510 /* CreateClips.storyboard */ = {isa = PBXFileReference; fileEncoding = 4; lastKnownFileType = file.storyboard; name = CreateClips.storyboard; path = CreateClips/CreateClips.storyboard; sourceTree = "<group>"; };
		0D388AEB1E620CAE00502510 /* ReadMe.txt */ = {isa = PBXFileReference; fileEncoding = 4; lastKnownFileType = text; path = ReadMe.txt; sourceTree = "<group>"; };
		0D388AED1E622FF200502510 /* PinVid-Bridging-Header.h */ = {isa = PBXFileReference; lastKnownFileType = sourcecode.c.h; path = "PinVid-Bridging-Header.h"; sourceTree = "<group>"; };
		0D388AEE1E622FF300502510 /* EmailViewController.h */ = {isa = PBXFileReference; fileEncoding = 4; lastKnownFileType = sourcecode.c.h; path = EmailViewController.h; sourceTree = "<group>"; };
		0D388AEF1E622FF300502510 /* UIViewController+Alerts.h */ = {isa = PBXFileReference; fileEncoding = 4; lastKnownFileType = sourcecode.c.h; path = "UIViewController+Alerts.h"; sourceTree = "<group>"; };
		0D388AF01E622FF300502510 /* UIViewController+Alerts.m */ = {isa = PBXFileReference; fileEncoding = 4; lastKnownFileType = sourcecode.c.objc; path = "UIViewController+Alerts.m"; sourceTree = "<group>"; };
		0D388AF11E622FF300502510 /* EmailViewController.m */ = {isa = PBXFileReference; fileEncoding = 4; lastKnownFileType = sourcecode.c.objc; path = EmailViewController.m; sourceTree = "<group>"; };
		0D388AF51E6243F100502510 /* FirebaseService.swift */ = {isa = PBXFileReference; fileEncoding = 4; lastKnownFileType = sourcecode.swift; name = FirebaseService.swift; path = Service/FirebaseService.swift; sourceTree = "<group>"; };
		0DE134EA1E625A47004575BB /* ProfileClipCell.swift */ = {isa = PBXFileReference; fileEncoding = 4; lastKnownFileType = sourcecode.swift; name = ProfileClipCell.swift; path = ProfieList/ProfileClipCell.swift; sourceTree = "<group>"; };
		171E1E7A1E62768A00AA007D /* YouTubeViewController.swift */ = {isa = PBXFileReference; fileEncoding = 4; lastKnownFileType = sourcecode.swift; path = YouTubeViewController.swift; sourceTree = "<group>"; };
		1DBE515F1160EB319A28C48D /* Pods_PinVidTests.framework */ = {isa = PBXFileReference; explicitFileType = wrapper.framework; includeInIndex = 0; path = Pods_PinVidTests.framework; sourceTree = BUILT_PRODUCTS_DIR; };
		2A64BD5E90B6C942FFA604C5 /* Pods-PinVid.release.xcconfig */ = {isa = PBXFileReference; includeInIndex = 1; lastKnownFileType = text.xcconfig; name = "Pods-PinVid.release.xcconfig"; path = "Pods/Target Support Files/Pods-PinVid/Pods-PinVid.release.xcconfig"; sourceTree = "<group>"; };
		378DA587B95CD522A552A9AA /* Pods-PinVidTests.release.xcconfig */ = {isa = PBXFileReference; includeInIndex = 1; lastKnownFileType = text.xcconfig; name = "Pods-PinVidTests.release.xcconfig"; path = "Pods/Target Support Files/Pods-PinVidTests/Pods-PinVidTests.release.xcconfig"; sourceTree = "<group>"; };
		48685FDDBF42BBA8F6FDFBC6 /* Pods_PinVid.framework */ = {isa = PBXFileReference; explicitFileType = wrapper.framework; includeInIndex = 0; path = Pods_PinVid.framework; sourceTree = BUILT_PRODUCTS_DIR; };
		4DAE110BCACF1472ADABDABC /* Pods-PinVidUITests.debug.xcconfig */ = {isa = PBXFileReference; includeInIndex = 1; lastKnownFileType = text.xcconfig; name = "Pods-PinVidUITests.debug.xcconfig"; path = "Pods/Target Support Files/Pods-PinVidUITests/Pods-PinVidUITests.debug.xcconfig"; sourceTree = "<group>"; };
		64E011B231D99B727A8D0478 /* Pods-PinVidTests.debug.xcconfig */ = {isa = PBXFileReference; includeInIndex = 1; lastKnownFileType = text.xcconfig; name = "Pods-PinVidTests.debug.xcconfig"; path = "Pods/Target Support Files/Pods-PinVidTests/Pods-PinVidTests.debug.xcconfig"; sourceTree = "<group>"; };
		AA58BAB51E621A8B0046EF0F /* Montage.swift */ = {isa = PBXFileReference; fileEncoding = 4; lastKnownFileType = sourcecode.swift; path = Montage.swift; sourceTree = "<group>"; };
		AA58BAB71E621A930046EF0F /* Clip.swift */ = {isa = PBXFileReference; fileEncoding = 4; lastKnownFileType = sourcecode.swift; path = Clip.swift; sourceTree = "<group>"; };
		B592FE078C323799ED65038B /* Pods_PinVidUITests.framework */ = {isa = PBXFileReference; explicitFileType = wrapper.framework; includeInIndex = 0; path = Pods_PinVidUITests.framework; sourceTree = BUILT_PRODUCTS_DIR; };
		CEE411F773A7A02331E45FA8 /* Pods-PinVid.debug.xcconfig */ = {isa = PBXFileReference; includeInIndex = 1; lastKnownFileType = text.xcconfig; name = "Pods-PinVid.debug.xcconfig"; path = "Pods/Target Support Files/Pods-PinVid/Pods-PinVid.debug.xcconfig"; sourceTree = "<group>"; };
		D139D6F31E6151C00061F6E8 /* PinVid.app */ = {isa = PBXFileReference; explicitFileType = wrapper.application; includeInIndex = 0; path = PinVid.app; sourceTree = BUILT_PRODUCTS_DIR; };
		D139D6F61E6151C00061F6E8 /* AppDelegate.swift */ = {isa = PBXFileReference; lastKnownFileType = sourcecode.swift; path = AppDelegate.swift; sourceTree = "<group>"; };
		D139D6F81E6151C00061F6E8 /* ViewController.swift */ = {isa = PBXFileReference; lastKnownFileType = sourcecode.swift; path = ViewController.swift; sourceTree = "<group>"; };
		D139D6FB1E6151C00061F6E8 /* Base */ = {isa = PBXFileReference; lastKnownFileType = file.storyboard; name = Base; path = Base.lproj/Main.storyboard; sourceTree = "<group>"; };
		D139D6FE1E6151C00061F6E8 /* PinVid.xcdatamodel */ = {isa = PBXFileReference; lastKnownFileType = wrapper.xcdatamodel; path = PinVid.xcdatamodel; sourceTree = "<group>"; };
		D139D7001E6151C00061F6E8 /* Assets.xcassets */ = {isa = PBXFileReference; lastKnownFileType = folder.assetcatalog; path = Assets.xcassets; sourceTree = "<group>"; };
		D139D7031E6151C00061F6E8 /* Base */ = {isa = PBXFileReference; lastKnownFileType = file.storyboard; name = Base; path = Base.lproj/LaunchScreen.storyboard; sourceTree = "<group>"; };
		D139D7051E6151C00061F6E8 /* Info.plist */ = {isa = PBXFileReference; lastKnownFileType = text.plist.xml; path = Info.plist; sourceTree = "<group>"; };
		D139D70A1E6151C10061F6E8 /* PinVidTests.xctest */ = {isa = PBXFileReference; explicitFileType = wrapper.cfbundle; includeInIndex = 0; path = PinVidTests.xctest; sourceTree = BUILT_PRODUCTS_DIR; };
		D139D70E1E6151C10061F6E8 /* PinVidTests.swift */ = {isa = PBXFileReference; lastKnownFileType = sourcecode.swift; path = PinVidTests.swift; sourceTree = "<group>"; };
		D139D7101E6151C10061F6E8 /* Info.plist */ = {isa = PBXFileReference; lastKnownFileType = text.plist.xml; path = Info.plist; sourceTree = "<group>"; };
		D139D7151E6151C10061F6E8 /* PinVidUITests.xctest */ = {isa = PBXFileReference; explicitFileType = wrapper.cfbundle; includeInIndex = 0; path = PinVidUITests.xctest; sourceTree = BUILT_PRODUCTS_DIR; };
		D139D7191E6151C10061F6E8 /* PinVidUITests.swift */ = {isa = PBXFileReference; lastKnownFileType = sourcecode.swift; path = PinVidUITests.swift; sourceTree = "<group>"; };
		D139D71B1E6151C10061F6E8 /* Info.plist */ = {isa = PBXFileReference; lastKnownFileType = text.plist.xml; path = Info.plist; sourceTree = "<group>"; };
		D139D7271E620B4C0061F6E8 /* GoogleService-Info.plist */ = {isa = PBXFileReference; fileEncoding = 4; lastKnownFileType = text.plist.xml; path = "GoogleService-Info.plist"; sourceTree = "<group>"; };
		D139D74A1E624EB00061F6E8 /* CoreDataManager.swift */ = {isa = PBXFileReference; fileEncoding = 4; lastKnownFileType = sourcecode.swift; path = CoreDataManager.swift; sourceTree = "<group>"; };
		F4220DAD87F0B89269C866BA /* Pods-PinVidUITests.release.xcconfig */ = {isa = PBXFileReference; includeInIndex = 1; lastKnownFileType = text.xcconfig; name = "Pods-PinVidUITests.release.xcconfig"; path = "Pods/Target Support Files/Pods-PinVidUITests/Pods-PinVidUITests.release.xcconfig"; sourceTree = "<group>"; };
		F68D49B21E62178000D1F4AA /* VideoView.swift */ = {isa = PBXFileReference; fileEncoding = 4; lastKnownFileType = sourcecode.swift; name = VideoView.swift; path = CreateClips/VideoView.swift; sourceTree = "<group>"; };
		F68D49B41E6218B000D1F4AA /* ClipsView.swift */ = {isa = PBXFileReference; fileEncoding = 4; lastKnownFileType = sourcecode.swift; path = ClipsView.swift; sourceTree = "<group>"; };
		F68D49B61E6218C100D1F4AA /* ScrubberView.swift */ = {isa = PBXFileReference; fileEncoding = 4; lastKnownFileType = sourcecode.swift; path = ScrubberView.swift; sourceTree = "<group>"; };
		F68D49B81E621C5400D1F4AA /* RangeSlider.swift */ = {isa = PBXFileReference; fileEncoding = 4; lastKnownFileType = sourcecode.swift; name = RangeSlider.swift; path = CreateClips/RangeSlider.swift; sourceTree = "<group>"; };
		F68D49BB1E6230D500D1F4AA /* PinVid-Bridging-Header.h */ = {isa = PBXFileReference; lastKnownFileType = sourcecode.c.h; path = "PinVid-Bridging-Header.h"; sourceTree = "<group>"; };
		F68D49BC1E6230D600D1F4AA /* YTPlayerView.h */ = {isa = PBXFileReference; fileEncoding = 4; lastKnownFileType = sourcecode.c.h; path = YTPlayerView.h; sourceTree = "<group>"; };
		F68D49BD1E6230D600D1F4AA /* YTPlayerView.m */ = {isa = PBXFileReference; fileEncoding = 4; lastKnownFileType = sourcecode.c.objc; path = YTPlayerView.m; sourceTree = "<group>"; };
		F68D49BF1E6230F900D1F4AA /* Assets.bundle */ = {isa = PBXFileReference; lastKnownFileType = "wrapper.plug-in"; path = Assets.bundle; sourceTree = "<group>"; };
/* End PBXFileReference section */

/* Begin PBXFrameworksBuildPhase section */
		D139D6F01E6151C00061F6E8 /* Frameworks */ = {
			isa = PBXFrameworksBuildPhase;
			buildActionMask = 2147483647;
			files = (
				4D4CE77DEBE357C886DE0D06 /* Pods_PinVid.framework in Frameworks */,
			);
			runOnlyForDeploymentPostprocessing = 0;
		};
		D139D7071E6151C10061F6E8 /* Frameworks */ = {
			isa = PBXFrameworksBuildPhase;
			buildActionMask = 2147483647;
			files = (
				F86B560F3A53C5190F59A803 /* Pods_PinVidTests.framework in Frameworks */,
			);
			runOnlyForDeploymentPostprocessing = 0;
		};
		D139D7121E6151C10061F6E8 /* Frameworks */ = {
			isa = PBXFrameworksBuildPhase;
			buildActionMask = 2147483647;
			files = (
				8E4C685D241BE0CD5FECE7ED /* Pods_PinVidUITests.framework in Frameworks */,
			);
			runOnlyForDeploymentPostprocessing = 0;
		};
/* End PBXFrameworksBuildPhase section */

/* Begin PBXGroup section */
		0D388ADB1E620B8A00502510 /* ProfileList */ = {
			isa = PBXGroup;
			children = (
				0D388ADF1E620C0D00502510 /* ProfileList.storyboard */,
				0D388AE31E620C5500502510 /* ProfileListViewController.swift */,
				0DE134EA1E625A47004575BB /* ProfileClipCell.swift */,
			);
			name = ProfileList;
			sourceTree = "<group>";
		};
		0D388ADC1E620B9700502510 /* Auth */ = {
			isa = PBXGroup;
			children = (
				0D388AEE1E622FF300502510 /* EmailViewController.h */,
				0D388AEF1E622FF300502510 /* UIViewController+Alerts.h */,
				0D388AF01E622FF300502510 /* UIViewController+Alerts.m */,
				0D388AF11E622FF300502510 /* EmailViewController.m */,
				0D388ADD1E620BF900502510 /* Auth.storyboard */,
				0D388AED1E622FF200502510 /* PinVid-Bridging-Header.h */,
			);
			name = Auth;
			sourceTree = "<group>";
		};
		0D388AE51E620C5800502510 /* CreatClips */ = {
			isa = PBXGroup;
			children = (
				0D388AE61E620C7700502510 /* CreateClipsViewController.swift */,
				F68D49B61E6218C100D1F4AA /* ScrubberView.swift */,
				F68D49B81E621C5400D1F4AA /* RangeSlider.swift */,
				0D388AE81E620C8300502510 /* CreateClips.storyboard */,
				F68D49B41E6218B000D1F4AA /* ClipsView.swift */,
				F68D49B21E62178000D1F4AA /* VideoView.swift */,
			);
			name = CreatClips;
			sourceTree = "<group>";
		};
		0D388AEA1E620C8B00502510 /* Services */ = {
			isa = PBXGroup;
			children = (
				0D388AF51E6243F100502510 /* FirebaseService.swift */,
			);
			name = Services;
			sourceTree = "<group>";
		};
		28792B86A7173F4793DF3411 /* Pods */ = {
			isa = PBXGroup;
			children = (
				CEE411F773A7A02331E45FA8 /* Pods-PinVid.debug.xcconfig */,
				2A64BD5E90B6C942FFA604C5 /* Pods-PinVid.release.xcconfig */,
				64E011B231D99B727A8D0478 /* Pods-PinVidTests.debug.xcconfig */,
				378DA587B95CD522A552A9AA /* Pods-PinVidTests.release.xcconfig */,
				4DAE110BCACF1472ADABDABC /* Pods-PinVidUITests.debug.xcconfig */,
				F4220DAD87F0B89269C866BA /* Pods-PinVidUITests.release.xcconfig */,
			);
			name = Pods;
			sourceTree = "<group>";
		};
		6BFFDA335E0C46A251A35033 /* Frameworks */ = {
			isa = PBXGroup;
			children = (
				F68D49BC1E6230D600D1F4AA /* YTPlayerView.h */,
				F68D49BD1E6230D600D1F4AA /* YTPlayerView.m */,
				48685FDDBF42BBA8F6FDFBC6 /* Pods_PinVid.framework */,
				1DBE515F1160EB319A28C48D /* Pods_PinVidTests.framework */,
				B592FE078C323799ED65038B /* Pods_PinVidUITests.framework */,
				F68D49BF1E6230F900D1F4AA /* Assets.bundle */,
			);
			name = Frameworks;
			sourceTree = "<group>";
		};
		AA58BAB41E621A670046EF0F /* Models */ = {
			isa = PBXGroup;
			children = (
				AA58BAB71E621A930046EF0F /* Clip.swift */,
				AA58BAB51E621A8B0046EF0F /* Montage.swift */,
			);
			name = Models;
			path = ..;
			sourceTree = "<group>";
		};
		D139D6EA1E6151C00061F6E8 = {
			isa = PBXGroup;
			children = (
				D139D6F51E6151C00061F6E8 /* PinVid */,
				D139D70D1E6151C10061F6E8 /* PinVidTests */,
				D139D7181E6151C10061F6E8 /* PinVidUITests */,
				D139D6F41E6151C00061F6E8 /* Products */,
				28792B86A7173F4793DF3411 /* Pods */,
				6BFFDA335E0C46A251A35033 /* Frameworks */,
			);
			sourceTree = "<group>";
		};
		D139D6F41E6151C00061F6E8 /* Products */ = {
			isa = PBXGroup;
			children = (
				D139D6F31E6151C00061F6E8 /* PinVid.app */,
				D139D70A1E6151C10061F6E8 /* PinVidTests.xctest */,
				D139D7151E6151C10061F6E8 /* PinVidUITests.xctest */,
			);
			name = Products;
			sourceTree = "<group>";
		};
		D139D6F51E6151C00061F6E8 /* PinVid */ = {
			isa = PBXGroup;
			children = (
				D1F5D32F1E625E9E00A56F67 /* CoreData */,
				F68D49BB1E6230D500D1F4AA /* PinVid-Bridging-Header.h */,
				AA58BAB41E621A670046EF0F /* Models */,
				0D388AEA1E620C8B00502510 /* Services */,
				0D388AE51E620C5800502510 /* CreatClips */,
				0D388ADC1E620B9700502510 /* Auth */,
				0D388ADB1E620B8A00502510 /* ProfileList */,
				D139D6F61E6151C00061F6E8 /* AppDelegate.swift */,
				D139D6F81E6151C00061F6E8 /* ViewController.swift */,
				D139D6FA1E6151C00061F6E8 /* Main.storyboard */,
				171E1E7A1E62768A00AA007D /* YouTubeViewController.swift */,
				D139D7001E6151C00061F6E8 /* Assets.xcassets */,
				D139D7021E6151C00061F6E8 /* LaunchScreen.storyboard */,
				D139D7271E620B4C0061F6E8 /* GoogleService-Info.plist */,
				D139D7051E6151C00061F6E8 /* Info.plist */,
				D139D74A1E624EB00061F6E8 /* CoreDataManager.swift */,
				0D388AEB1E620CAE00502510 /* ReadMe.txt */,
			);
			path = PinVid;
			sourceTree = "<group>";
		};
		D139D70D1E6151C10061F6E8 /* PinVidTests */ = {
			isa = PBXGroup;
			children = (
				D139D70E1E6151C10061F6E8 /* PinVidTests.swift */,
				D139D7101E6151C10061F6E8 /* Info.plist */,
			);
			path = PinVidTests;
			sourceTree = "<group>";
		};
		D139D7181E6151C10061F6E8 /* PinVidUITests */ = {
			isa = PBXGroup;
			children = (
				D139D7191E6151C10061F6E8 /* PinVidUITests.swift */,
				D139D71B1E6151C10061F6E8 /* Info.plist */,
			);
			path = PinVidUITests;
			sourceTree = "<group>";
		};
		D1F5D32F1E625E9E00A56F67 /* CoreData */ = {
			isa = PBXGroup;
			children = (
				D139D6FD1E6151C00061F6E8 /* PinVid.xcdatamodeld */,
			);
			name = CoreData;
			sourceTree = "<group>";
		};
/* End PBXGroup section */

/* Begin PBXNativeTarget section */
		D139D6F21E6151C00061F6E8 /* PinVid */ = {
			isa = PBXNativeTarget;
			buildConfigurationList = D139D71E1E6151C10061F6E8 /* Build configuration list for PBXNativeTarget "PinVid" */;
			buildPhases = (
				90E79199222535D43A63DBAE /* [CP] Check Pods Manifest.lock */,
				D139D6EF1E6151C00061F6E8 /* Sources */,
				D139D6F01E6151C00061F6E8 /* Frameworks */,
				D139D6F11E6151C00061F6E8 /* Resources */,
				DA6C1FAF24A87C4053E81FD7 /* [CP] Embed Pods Frameworks */,
				FBC2B47C1FB334C1B566722D /* [CP] Copy Pods Resources */,
			);
			buildRules = (
			);
			dependencies = (
			);
			name = PinVid;
			productName = PinVid;
			productReference = D139D6F31E6151C00061F6E8 /* PinVid.app */;
			productType = "com.apple.product-type.application";
		};
		D139D7091E6151C10061F6E8 /* PinVidTests */ = {
			isa = PBXNativeTarget;
			buildConfigurationList = D139D7211E6151C10061F6E8 /* Build configuration list for PBXNativeTarget "PinVidTests" */;
			buildPhases = (
				98634DA9D100BA0BA9637BE1 /* [CP] Check Pods Manifest.lock */,
				D139D7061E6151C10061F6E8 /* Sources */,
				D139D7071E6151C10061F6E8 /* Frameworks */,
				D139D7081E6151C10061F6E8 /* Resources */,
				0B31CDEA248B8675DB732F49 /* [CP] Embed Pods Frameworks */,
				9332522E7FB8D643CB3627C3 /* [CP] Copy Pods Resources */,
			);
			buildRules = (
			);
			dependencies = (
				D139D70C1E6151C10061F6E8 /* PBXTargetDependency */,
			);
			name = PinVidTests;
			productName = PinVidTests;
			productReference = D139D70A1E6151C10061F6E8 /* PinVidTests.xctest */;
			productType = "com.apple.product-type.bundle.unit-test";
		};
		D139D7141E6151C10061F6E8 /* PinVidUITests */ = {
			isa = PBXNativeTarget;
			buildConfigurationList = D139D7241E6151C10061F6E8 /* Build configuration list for PBXNativeTarget "PinVidUITests" */;
			buildPhases = (
				E4E205E01686024515C9D026 /* [CP] Check Pods Manifest.lock */,
				D139D7111E6151C10061F6E8 /* Sources */,
				D139D7121E6151C10061F6E8 /* Frameworks */,
				D139D7131E6151C10061F6E8 /* Resources */,
				C5E73FA226487D1E27054B03 /* [CP] Embed Pods Frameworks */,
				9444EC2A84E9DA0C7C48096C /* [CP] Copy Pods Resources */,
			);
			buildRules = (
			);
			dependencies = (
				D139D7171E6151C10061F6E8 /* PBXTargetDependency */,
			);
			name = PinVidUITests;
			productName = PinVidUITests;
			productReference = D139D7151E6151C10061F6E8 /* PinVidUITests.xctest */;
			productType = "com.apple.product-type.bundle.ui-testing";
		};
/* End PBXNativeTarget section */

/* Begin PBXProject section */
		D139D6EB1E6151C00061F6E8 /* Project object */ = {
			isa = PBXProject;
			attributes = {
				LastSwiftUpdateCheck = 0820;
				LastUpgradeCheck = 0820;
				ORGANIZATIONNAME = SantaClaraiOSConnect;
				TargetAttributes = {
					D139D6F21E6151C00061F6E8 = {
						CreatedOnToolsVersion = 8.2.1;
						LastSwiftMigration = 0830;
						ProvisioningStyle = Automatic;
					};
					D139D7091E6151C10061F6E8 = {
						CreatedOnToolsVersion = 8.2.1;
						ProvisioningStyle = Automatic;
						TestTargetID = D139D6F21E6151C00061F6E8;
					};
					D139D7141E6151C10061F6E8 = {
						CreatedOnToolsVersion = 8.2.1;
						ProvisioningStyle = Automatic;
						TestTargetID = D139D6F21E6151C00061F6E8;
					};
				};
			};
			buildConfigurationList = D139D6EE1E6151C00061F6E8 /* Build configuration list for PBXProject "PinVid" */;
			compatibilityVersion = "Xcode 3.2";
			developmentRegion = English;
			hasScannedForEncodings = 0;
			knownRegions = (
				en,
				Base,
			);
			mainGroup = D139D6EA1E6151C00061F6E8;
			productRefGroup = D139D6F41E6151C00061F6E8 /* Products */;
			projectDirPath = "";
			projectRoot = "";
			targets = (
				D139D6F21E6151C00061F6E8 /* PinVid */,
				D139D7091E6151C10061F6E8 /* PinVidTests */,
				D139D7141E6151C10061F6E8 /* PinVidUITests */,
			);
		};
/* End PBXProject section */

/* Begin PBXResourcesBuildPhase section */
		D139D6F11E6151C00061F6E8 /* Resources */ = {
			isa = PBXResourcesBuildPhase;
			buildActionMask = 2147483647;
			files = (
				0D388AE91E620C8300502510 /* CreateClips.storyboard in Resources */,
				0D388ADE1E620BF900502510 /* Auth.storyboard in Resources */,
				0D388AE01E620C0D00502510 /* ProfileList.storyboard in Resources */,
				D139D7281E620B4C0061F6E8 /* GoogleService-Info.plist in Resources */,
				D139D7041E6151C00061F6E8 /* LaunchScreen.storyboard in Resources */,
				F68D49C01E6230F900D1F4AA /* Assets.bundle in Resources */,
				D139D7011E6151C00061F6E8 /* Assets.xcassets in Resources */,
				0D388AEC1E620CAE00502510 /* ReadMe.txt in Resources */,
				D139D6FC1E6151C00061F6E8 /* Main.storyboard in Resources */,
			);
			runOnlyForDeploymentPostprocessing = 0;
		};
		D139D7081E6151C10061F6E8 /* Resources */ = {
			isa = PBXResourcesBuildPhase;
			buildActionMask = 2147483647;
			files = (
			);
			runOnlyForDeploymentPostprocessing = 0;
		};
		D139D7131E6151C10061F6E8 /* Resources */ = {
			isa = PBXResourcesBuildPhase;
			buildActionMask = 2147483647;
			files = (
			);
			runOnlyForDeploymentPostprocessing = 0;
		};
/* End PBXResourcesBuildPhase section */

/* Begin PBXShellScriptBuildPhase section */
		0B31CDEA248B8675DB732F49 /* [CP] Embed Pods Frameworks */ = {
			isa = PBXShellScriptBuildPhase;
			buildActionMask = 2147483647;
			files = (
			);
			inputPaths = (
			);
			name = "[CP] Embed Pods Frameworks";
			outputPaths = (
			);
			runOnlyForDeploymentPostprocessing = 0;
			shellPath = /bin/sh;
			shellScript = "\"${SRCROOT}/Pods/Target Support Files/Pods-PinVidTests/Pods-PinVidTests-frameworks.sh\"\n";
			showEnvVarsInLog = 0;
		};
		90E79199222535D43A63DBAE /* [CP] Check Pods Manifest.lock */ = {
			isa = PBXShellScriptBuildPhase;
			buildActionMask = 2147483647;
			files = (
			);
			inputPaths = (
			);
			name = "[CP] Check Pods Manifest.lock";
			outputPaths = (
			);
			runOnlyForDeploymentPostprocessing = 0;
			shellPath = /bin/sh;
			shellScript = "diff \"${PODS_ROOT}/../Podfile.lock\" \"${PODS_ROOT}/Manifest.lock\" > /dev/null\nif [ $? != 0 ] ; then\n    # print error to STDERR\n    echo \"error: The sandbox is not in sync with the Podfile.lock. Run 'pod install' or update your CocoaPods installation.\" >&2\n    exit 1\nfi\n";
			showEnvVarsInLog = 0;
		};
		9332522E7FB8D643CB3627C3 /* [CP] Copy Pods Resources */ = {
			isa = PBXShellScriptBuildPhase;
			buildActionMask = 2147483647;
			files = (
			);
			inputPaths = (
			);
			name = "[CP] Copy Pods Resources";
			outputPaths = (
			);
			runOnlyForDeploymentPostprocessing = 0;
			shellPath = /bin/sh;
			shellScript = "\"${SRCROOT}/Pods/Target Support Files/Pods-PinVidTests/Pods-PinVidTests-resources.sh\"\n";
			showEnvVarsInLog = 0;
		};
		9444EC2A84E9DA0C7C48096C /* [CP] Copy Pods Resources */ = {
			isa = PBXShellScriptBuildPhase;
			buildActionMask = 2147483647;
			files = (
			);
			inputPaths = (
			);
			name = "[CP] Copy Pods Resources";
			outputPaths = (
			);
			runOnlyForDeploymentPostprocessing = 0;
			shellPath = /bin/sh;
			shellScript = "\"${SRCROOT}/Pods/Target Support Files/Pods-PinVidUITests/Pods-PinVidUITests-resources.sh\"\n";
			showEnvVarsInLog = 0;
		};
		98634DA9D100BA0BA9637BE1 /* [CP] Check Pods Manifest.lock */ = {
			isa = PBXShellScriptBuildPhase;
			buildActionMask = 2147483647;
			files = (
			);
			inputPaths = (
			);
			name = "[CP] Check Pods Manifest.lock";
			outputPaths = (
			);
			runOnlyForDeploymentPostprocessing = 0;
			shellPath = /bin/sh;
			shellScript = "diff \"${PODS_ROOT}/../Podfile.lock\" \"${PODS_ROOT}/Manifest.lock\" > /dev/null\nif [ $? != 0 ] ; then\n    # print error to STDERR\n    echo \"error: The sandbox is not in sync with the Podfile.lock. Run 'pod install' or update your CocoaPods installation.\" >&2\n    exit 1\nfi\n";
			showEnvVarsInLog = 0;
		};
		C5E73FA226487D1E27054B03 /* [CP] Embed Pods Frameworks */ = {
			isa = PBXShellScriptBuildPhase;
			buildActionMask = 2147483647;
			files = (
			);
			inputPaths = (
			);
			name = "[CP] Embed Pods Frameworks";
			outputPaths = (
			);
			runOnlyForDeploymentPostprocessing = 0;
			shellPath = /bin/sh;
			shellScript = "\"${SRCROOT}/Pods/Target Support Files/Pods-PinVidUITests/Pods-PinVidUITests-frameworks.sh\"\n";
			showEnvVarsInLog = 0;
		};
		DA6C1FAF24A87C4053E81FD7 /* [CP] Embed Pods Frameworks */ = {
			isa = PBXShellScriptBuildPhase;
			buildActionMask = 2147483647;
			files = (
			);
			inputPaths = (
			);
			name = "[CP] Embed Pods Frameworks";
			outputPaths = (
			);
			runOnlyForDeploymentPostprocessing = 0;
			shellPath = /bin/sh;
			shellScript = "\"${SRCROOT}/Pods/Target Support Files/Pods-PinVid/Pods-PinVid-frameworks.sh\"\n";
			showEnvVarsInLog = 0;
		};
		E4E205E01686024515C9D026 /* [CP] Check Pods Manifest.lock */ = {
			isa = PBXShellScriptBuildPhase;
			buildActionMask = 2147483647;
			files = (
			);
			inputPaths = (
			);
			name = "[CP] Check Pods Manifest.lock";
			outputPaths = (
			);
			runOnlyForDeploymentPostprocessing = 0;
			shellPath = /bin/sh;
			shellScript = "diff \"${PODS_ROOT}/../Podfile.lock\" \"${PODS_ROOT}/Manifest.lock\" > /dev/null\nif [ $? != 0 ] ; then\n    # print error to STDERR\n    echo \"error: The sandbox is not in sync with the Podfile.lock. Run 'pod install' or update your CocoaPods installation.\" >&2\n    exit 1\nfi\n";
			showEnvVarsInLog = 0;
		};
		FBC2B47C1FB334C1B566722D /* [CP] Copy Pods Resources */ = {
			isa = PBXShellScriptBuildPhase;
			buildActionMask = 2147483647;
			files = (
			);
			inputPaths = (
			);
			name = "[CP] Copy Pods Resources";
			outputPaths = (
			);
			runOnlyForDeploymentPostprocessing = 0;
			shellPath = /bin/sh;
			shellScript = "\"${SRCROOT}/Pods/Target Support Files/Pods-PinVid/Pods-PinVid-resources.sh\"\n";
			showEnvVarsInLog = 0;
		};
/* End PBXShellScriptBuildPhase section */

/* Begin PBXSourcesBuildPhase section */
		D139D6EF1E6151C00061F6E8 /* Sources */ = {
			isa = PBXSourcesBuildPhase;
			buildActionMask = 2147483647;
			files = (
				F68D49B51E6218B000D1F4AA /* ClipsView.swift in Sources */,
				F68D49B31E62178000D1F4AA /* VideoView.swift in Sources */,
				D139D6FF1E6151C00061F6E8 /* PinVid.xcdatamodeld in Sources */,
				D139D6F91E6151C00061F6E8 /* ViewController.swift in Sources */,
				F68D49BE1E6230D600D1F4AA /* YTPlayerView.m in Sources */,
				AA58BAB61E621A8B0046EF0F /* Montage.swift in Sources */,
				D139D6F71E6151C00061F6E8 /* AppDelegate.swift in Sources */,
				D139D74B1E624EB00061F6E8 /* CoreDataManager.swift in Sources */,
				0D388AF31E622FF300502510 /* EmailViewController.m in Sources */,
				F68D49B91E621C5400D1F4AA /* RangeSlider.swift in Sources */,
				F68D49B71E6218C100D1F4AA /* ScrubberView.swift in Sources */,
				171E1E7B1E62768A00AA007D /* YouTubeViewController.swift in Sources */,
				AA58BAB81E621A930046EF0F /* Clip.swift in Sources */,
				0D388AF61E6243F100502510 /* FirebaseService.swift in Sources */,
				0DE134EB1E625A47004575BB /* ProfileClipCell.swift in Sources */,
				0D388AF21E622FF300502510 /* UIViewController+Alerts.m in Sources */,
				0D388AE41E620C5500502510 /* ProfileListViewController.swift in Sources */,
				0D388AE71E620C7700502510 /* CreateClipsViewController.swift in Sources */,
			);
			runOnlyForDeploymentPostprocessing = 0;
		};
		D139D7061E6151C10061F6E8 /* Sources */ = {
			isa = PBXSourcesBuildPhase;
			buildActionMask = 2147483647;
			files = (
				D139D70F1E6151C10061F6E8 /* PinVidTests.swift in Sources */,
			);
			runOnlyForDeploymentPostprocessing = 0;
		};
		D139D7111E6151C10061F6E8 /* Sources */ = {
			isa = PBXSourcesBuildPhase;
			buildActionMask = 2147483647;
			files = (
				D139D71A1E6151C10061F6E8 /* PinVidUITests.swift in Sources */,
			);
			runOnlyForDeploymentPostprocessing = 0;
		};
/* End PBXSourcesBuildPhase section */

/* Begin PBXTargetDependency section */
		D139D70C1E6151C10061F6E8 /* PBXTargetDependency */ = {
			isa = PBXTargetDependency;
			target = D139D6F21E6151C00061F6E8 /* PinVid */;
			targetProxy = D139D70B1E6151C10061F6E8 /* PBXContainerItemProxy */;
		};
		D139D7171E6151C10061F6E8 /* PBXTargetDependency */ = {
			isa = PBXTargetDependency;
			target = D139D6F21E6151C00061F6E8 /* PinVid */;
			targetProxy = D139D7161E6151C10061F6E8 /* PBXContainerItemProxy */;
		};
/* End PBXTargetDependency section */

/* Begin PBXVariantGroup section */
		D139D6FA1E6151C00061F6E8 /* Main.storyboard */ = {
			isa = PBXVariantGroup;
			children = (
				D139D6FB1E6151C00061F6E8 /* Base */,
			);
			name = Main.storyboard;
			sourceTree = "<group>";
		};
		D139D7021E6151C00061F6E8 /* LaunchScreen.storyboard */ = {
			isa = PBXVariantGroup;
			children = (
				D139D7031E6151C00061F6E8 /* Base */,
			);
			name = LaunchScreen.storyboard;
			sourceTree = "<group>";
		};
/* End PBXVariantGroup section */

/* Begin XCBuildConfiguration section */
		D139D71C1E6151C10061F6E8 /* Debug */ = {
			isa = XCBuildConfiguration;
			buildSettings = {
				ALWAYS_SEARCH_USER_PATHS = NO;
				CLANG_ANALYZER_NONNULL = YES;
				CLANG_CXX_LANGUAGE_STANDARD = "gnu++0x";
				CLANG_CXX_LIBRARY = "libc++";
				CLANG_ENABLE_MODULES = YES;
				CLANG_ENABLE_OBJC_ARC = YES;
				CLANG_WARN_BOOL_CONVERSION = YES;
				CLANG_WARN_CONSTANT_CONVERSION = YES;
				CLANG_WARN_DIRECT_OBJC_ISA_USAGE = YES_ERROR;
				CLANG_WARN_DOCUMENTATION_COMMENTS = YES;
				CLANG_WARN_EMPTY_BODY = YES;
				CLANG_WARN_ENUM_CONVERSION = YES;
				CLANG_WARN_INFINITE_RECURSION = YES;
				CLANG_WARN_INT_CONVERSION = YES;
				CLANG_WARN_OBJC_ROOT_CLASS = YES_ERROR;
				CLANG_WARN_SUSPICIOUS_MOVE = YES;
				CLANG_WARN_UNREACHABLE_CODE = YES;
				CLANG_WARN__DUPLICATE_METHOD_MATCH = YES;
				"CODE_SIGN_IDENTITY[sdk=iphoneos*]" = "iPhone Developer";
				COPY_PHASE_STRIP = NO;
				DEBUG_INFORMATION_FORMAT = dwarf;
				ENABLE_STRICT_OBJC_MSGSEND = YES;
				ENABLE_TESTABILITY = YES;
				GCC_C_LANGUAGE_STANDARD = gnu99;
				GCC_DYNAMIC_NO_PIC = NO;
				GCC_NO_COMMON_BLOCKS = YES;
				GCC_OPTIMIZATION_LEVEL = 0;
				GCC_PREPROCESSOR_DEFINITIONS = (
					"DEBUG=1",
					"$(inherited)",
				);
				GCC_WARN_64_TO_32_BIT_CONVERSION = YES;
				GCC_WARN_ABOUT_RETURN_TYPE = YES_ERROR;
				GCC_WARN_UNDECLARED_SELECTOR = YES;
				GCC_WARN_UNINITIALIZED_AUTOS = YES_AGGRESSIVE;
				GCC_WARN_UNUSED_FUNCTION = YES;
				GCC_WARN_UNUSED_VARIABLE = YES;
				IPHONEOS_DEPLOYMENT_TARGET = 10.2;
				MTL_ENABLE_DEBUG_INFO = YES;
				ONLY_ACTIVE_ARCH = YES;
				SDKROOT = iphoneos;
				SWIFT_ACTIVE_COMPILATION_CONDITIONS = DEBUG;
				SWIFT_OPTIMIZATION_LEVEL = "-Onone";
			};
			name = Debug;
		};
		D139D71D1E6151C10061F6E8 /* Release */ = {
			isa = XCBuildConfiguration;
			buildSettings = {
				ALWAYS_SEARCH_USER_PATHS = NO;
				CLANG_ANALYZER_NONNULL = YES;
				CLANG_CXX_LANGUAGE_STANDARD = "gnu++0x";
				CLANG_CXX_LIBRARY = "libc++";
				CLANG_ENABLE_MODULES = YES;
				CLANG_ENABLE_OBJC_ARC = YES;
				CLANG_WARN_BOOL_CONVERSION = YES;
				CLANG_WARN_CONSTANT_CONVERSION = YES;
				CLANG_WARN_DIRECT_OBJC_ISA_USAGE = YES_ERROR;
				CLANG_WARN_DOCUMENTATION_COMMENTS = YES;
				CLANG_WARN_EMPTY_BODY = YES;
				CLANG_WARN_ENUM_CONVERSION = YES;
				CLANG_WARN_INFINITE_RECURSION = YES;
				CLANG_WARN_INT_CONVERSION = YES;
				CLANG_WARN_OBJC_ROOT_CLASS = YES_ERROR;
				CLANG_WARN_SUSPICIOUS_MOVE = YES;
				CLANG_WARN_UNREACHABLE_CODE = YES;
				CLANG_WARN__DUPLICATE_METHOD_MATCH = YES;
				"CODE_SIGN_IDENTITY[sdk=iphoneos*]" = "iPhone Developer";
				COPY_PHASE_STRIP = NO;
				DEBUG_INFORMATION_FORMAT = "dwarf-with-dsym";
				ENABLE_NS_ASSERTIONS = NO;
				ENABLE_STRICT_OBJC_MSGSEND = YES;
				GCC_C_LANGUAGE_STANDARD = gnu99;
				GCC_NO_COMMON_BLOCKS = YES;
				GCC_WARN_64_TO_32_BIT_CONVERSION = YES;
				GCC_WARN_ABOUT_RETURN_TYPE = YES_ERROR;
				GCC_WARN_UNDECLARED_SELECTOR = YES;
				GCC_WARN_UNINITIALIZED_AUTOS = YES_AGGRESSIVE;
				GCC_WARN_UNUSED_FUNCTION = YES;
				GCC_WARN_UNUSED_VARIABLE = YES;
				IPHONEOS_DEPLOYMENT_TARGET = 10.2;
				MTL_ENABLE_DEBUG_INFO = NO;
				SDKROOT = iphoneos;
				SWIFT_OPTIMIZATION_LEVEL = "-Owholemodule";
				VALIDATE_PRODUCT = YES;
			};
			name = Release;
		};
		D139D71F1E6151C10061F6E8 /* Debug */ = {
			isa = XCBuildConfiguration;
			baseConfigurationReference = CEE411F773A7A02331E45FA8 /* Pods-PinVid.debug.xcconfig */;
			buildSettings = {
				ASSETCATALOG_COMPILER_APPICON_NAME = AppIcon;
				CLANG_ENABLE_MODULES = YES;
				DEFINES_MODULE = YES;
				INFOPLIST_FILE = PinVid/Info.plist;
				LD_RUNPATH_SEARCH_PATHS = "$(inherited) @executable_path/Frameworks";
				PRODUCT_BUNDLE_IDENTIFIER = PinVid.PinVid;
				PRODUCT_NAME = "$(TARGET_NAME)";
				SWIFT_OBJC_BRIDGING_HEADER = "PinVid/PinVid-Bridging-Header.h";
				SWIFT_OPTIMIZATION_LEVEL = "-Onone";
				SWIFT_VERSION = 3.0;
			};
			name = Debug;
		};
		D139D7201E6151C10061F6E8 /* Release */ = {
			isa = XCBuildConfiguration;
			baseConfigurationReference = 2A64BD5E90B6C942FFA604C5 /* Pods-PinVid.release.xcconfig */;
			buildSettings = {
				ASSETCATALOG_COMPILER_APPICON_NAME = AppIcon;
				CLANG_ENABLE_MODULES = YES;
				DEFINES_MODULE = YES;
				INFOPLIST_FILE = PinVid/Info.plist;
				LD_RUNPATH_SEARCH_PATHS = "$(inherited) @executable_path/Frameworks";
				PRODUCT_BUNDLE_IDENTIFIER = PinVid.PinVid;
				PRODUCT_NAME = "$(TARGET_NAME)";
				SWIFT_OBJC_BRIDGING_HEADER = "PinVid/PinVid-Bridging-Header.h";
				SWIFT_VERSION = 3.0;
			};
			name = Release;
		};
		D139D7221E6151C10061F6E8 /* Debug */ = {
			isa = XCBuildConfiguration;
			baseConfigurationReference = 64E011B231D99B727A8D0478 /* Pods-PinVidTests.debug.xcconfig */;
			buildSettings = {
				ALWAYS_EMBED_SWIFT_STANDARD_LIBRARIES = YES;
				BUNDLE_LOADER = "$(TEST_HOST)";
				INFOPLIST_FILE = PinVidTests/Info.plist;
				LD_RUNPATH_SEARCH_PATHS = "$(inherited) @executable_path/Frameworks @loader_path/Frameworks";
				PRODUCT_BUNDLE_IDENTIFIER = PinVid.PinVidTests;
				PRODUCT_NAME = "$(TARGET_NAME)";
				SWIFT_VERSION = 3.0;
				TEST_HOST = "$(BUILT_PRODUCTS_DIR)/PinVid.app/PinVid";
			};
			name = Debug;
		};
		D139D7231E6151C10061F6E8 /* Release */ = {
			isa = XCBuildConfiguration;
			baseConfigurationReference = 378DA587B95CD522A552A9AA /* Pods-PinVidTests.release.xcconfig */;
			buildSettings = {
				ALWAYS_EMBED_SWIFT_STANDARD_LIBRARIES = YES;
				BUNDLE_LOADER = "$(TEST_HOST)";
				INFOPLIST_FILE = PinVidTests/Info.plist;
				LD_RUNPATH_SEARCH_PATHS = "$(inherited) @executable_path/Frameworks @loader_path/Frameworks";
				PRODUCT_BUNDLE_IDENTIFIER = PinVid.PinVidTests;
				PRODUCT_NAME = "$(TARGET_NAME)";
				SWIFT_VERSION = 3.0;
				TEST_HOST = "$(BUILT_PRODUCTS_DIR)/PinVid.app/PinVid";
			};
			name = Release;
		};
		D139D7251E6151C10061F6E8 /* Debug */ = {
			isa = XCBuildConfiguration;
			baseConfigurationReference = 4DAE110BCACF1472ADABDABC /* Pods-PinVidUITests.debug.xcconfig */;
			buildSettings = {
				ALWAYS_EMBED_SWIFT_STANDARD_LIBRARIES = YES;
				INFOPLIST_FILE = PinVidUITests/Info.plist;
				LD_RUNPATH_SEARCH_PATHS = "$(inherited) @executable_path/Frameworks @loader_path/Frameworks";
				PRODUCT_BUNDLE_IDENTIFIER = PinVid.PinVidUITests;
				PRODUCT_NAME = "$(TARGET_NAME)";
				SWIFT_VERSION = 3.0;
				TEST_TARGET_NAME = PinVid;
			};
			name = Debug;
		};
		D139D7261E6151C10061F6E8 /* Release */ = {
			isa = XCBuildConfiguration;
			baseConfigurationReference = F4220DAD87F0B89269C866BA /* Pods-PinVidUITests.release.xcconfig */;
			buildSettings = {
				ALWAYS_EMBED_SWIFT_STANDARD_LIBRARIES = YES;
				INFOPLIST_FILE = PinVidUITests/Info.plist;
				LD_RUNPATH_SEARCH_PATHS = "$(inherited) @executable_path/Frameworks @loader_path/Frameworks";
				PRODUCT_BUNDLE_IDENTIFIER = PinVid.PinVidUITests;
				PRODUCT_NAME = "$(TARGET_NAME)";
				SWIFT_VERSION = 3.0;
				TEST_TARGET_NAME = PinVid;
			};
			name = Release;
		};
/* End XCBuildConfiguration section */

/* Begin XCConfigurationList section */
		D139D6EE1E6151C00061F6E8 /* Build configuration list for PBXProject "PinVid" */ = {
			isa = XCConfigurationList;
			buildConfigurations = (
				D139D71C1E6151C10061F6E8 /* Debug */,
				D139D71D1E6151C10061F6E8 /* Release */,
			);
			defaultConfigurationIsVisible = 0;
			defaultConfigurationName = Release;
		};
		D139D71E1E6151C10061F6E8 /* Build configuration list for PBXNativeTarget "PinVid" */ = {
			isa = XCConfigurationList;
			buildConfigurations = (
				D139D71F1E6151C10061F6E8 /* Debug */,
				D139D7201E6151C10061F6E8 /* Release */,
			);
			defaultConfigurationIsVisible = 0;
			defaultConfigurationName = Release;
		};
		D139D7211E6151C10061F6E8 /* Build configuration list for PBXNativeTarget "PinVidTests" */ = {
			isa = XCConfigurationList;
			buildConfigurations = (
				D139D7221E6151C10061F6E8 /* Debug */,
				D139D7231E6151C10061F6E8 /* Release */,
			);
			defaultConfigurationIsVisible = 0;
			defaultConfigurationName = Release;
		};
		D139D7241E6151C10061F6E8 /* Build configuration list for PBXNativeTarget "PinVidUITests" */ = {
			isa = XCConfigurationList;
			buildConfigurations = (
				D139D7251E6151C10061F6E8 /* Debug */,
				D139D7261E6151C10061F6E8 /* Release */,
			);
			defaultConfigurationIsVisible = 0;
			defaultConfigurationName = Release;
		};
/* End XCConfigurationList section */

/* Begin XCVersionGroup section */
		D139D6FD1E6151C00061F6E8 /* PinVid.xcdatamodeld */ = {
			isa = XCVersionGroup;
			children = (
				D139D6FE1E6151C00061F6E8 /* PinVid.xcdatamodel */,
			);
			currentVersion = D139D6FE1E6151C00061F6E8 /* PinVid.xcdatamodel */;
			path = PinVid.xcdatamodeld;
			sourceTree = "<group>";
			versionGroupType = wrapper.xcdatamodel;
		};
/* End XCVersionGroup section */
	};
	rootObject = D139D6EB1E6151C00061F6E8 /* Project object */;
}
